
Microsoft Visual Studio Solution File, Format Version 12.00
# Visual Studio Version 16
VisualStudioVersion = 16.0.31005.135
MinimumVisualStudioVersion = 10.0.40219.1
Project("{9A19103F-16F7-4668-BE54-9A1E7A4F7556}") = "Business", "Business\Business.csproj", "{A9165BE9-BE9E-4542-892E-3CDB51873F67}"
EndProject
Project("{9A19103F-16F7-4668-BE54-9A1E7A4F7556}") = "DataAccess", "DataAccess\DataAccess.csproj", "{F9AAD4E0-5C9B-4113-B166-68C0A4A4CA78}"
EndProject
Project("{9A19103F-16F7-4668-BE54-9A1E7A4F7556}") = "Entities", "Entities\Entities.csproj", "{C4B63E7D-E728-4AAC-A57A-B6A6C05A943F}"
EndProject
Project("{9A19103F-16F7-4668-BE54-9A1E7A4F7556}") = "ConsoleUI", "ConsoleUI\ConsoleUI.csproj", "{FEDFD37A-7AA9-4310-8352-3E1EF0C7DB98}"
EndProject
Project("{9A19103F-16F7-4668-BE54-9A1E7A4F7556}") = "Core", "Core\Core.csproj", "{1528A8BB-C92B-4DCD-8AAC-197FC355BBD2}"
EndProject
Project("{FAE04EC0-301F-11D3-BF4B-00C04F79EFBC}") = "WebAPI", "WebAPI\WebAPI.csproj", "{0C85A644-D0A8-4936-A5A7-2110F37F0910}"
EndProject
Global
	GlobalSection(SolutionConfigurationPlatforms) = preSolution
		Debug|Any CPU = Debug|Any CPU
		Release|Any CPU = Release|Any CPU
	EndGlobalSection
	GlobalSection(ProjectConfigurationPlatforms) = postSolution
		{A9165BE9-BE9E-4542-892E-3CDB51873F67}.Debug|Any CPU.ActiveCfg = Debug|Any CPU
		{A9165BE9-BE9E-4542-892E-3CDB51873F67}.Debug|Any CPU.Build.0 = Debug|Any CPU
		{A9165BE9-BE9E-4542-892E-3CDB51873F67}.Release|Any CPU.ActiveCfg = Release|Any CPU
		{A9165BE9-BE9E-4542-892E-3CDB51873F67}.Release|Any CPU.Build.0 = Release|Any CPU
		{F9AAD4E0-5C9B-4113-B166-68C0A4A4CA78}.Debug|Any CPU.ActiveCfg = Debug|Any CPU
		{F9AAD4E0-5C9B-4113-B166-68C0A4A4CA78}.Debug|Any CPU.Build.0 = Debug|Any CPU
		{F9AAD4E0-5C9B-4113-B166-68C0A4A4CA78}.Release|Any CPU.ActiveCfg = Release|Any CPU
		{F9AAD4E0-5C9B-4113-B166-68C0A4A4CA78}.Release|Any CPU.Build.0 = Release|Any CPU
		{C4B63E7D-E728-4AAC-A57A-B6A6C05A943F}.Debug|Any CPU.ActiveCfg = Debug|Any CPU
		{C4B63E7D-E728-4AAC-A57A-B6A6C05A943F}.Debug|Any CPU.Build.0 = Debug|Any CPU
		{C4B63E7D-E728-4AAC-A57A-B6A6C05A943F}.Release|Any CPU.ActiveCfg = Release|Any CPU
		{C4B63E7D-E728-4AAC-A57A-B6A6C05A943F}.Release|Any CPU.Build.0 = Release|Any CPU
		{FEDFD37A-7AA9-4310-8352-3E1EF0C7DB98}.Debug|Any CPU.ActiveCfg = Debug|Any CPU
		{FEDFD37A-7AA9-4310-8352-3E1EF0C7DB98}.Debug|Any CPU.Build.0 = Debug|Any CPU
		{FEDFD37A-7AA9-4310-8352-3E1EF0C7DB98}.Release|Any CPU.ActiveCfg = Release|Any CPU
		{FEDFD37A-7AA9-4310-8352-3E1EF0C7DB98}.Release|Any CPU.Build.0 = Release|Any CPU
		{1528A8BB-C92B-4DCD-8AAC-197FC355BBD2}.Debug|Any CPU.ActiveCfg = Debug|Any CPU
		{1528A8BB-C92B-4DCD-8AAC-197FC355BBD2}.Debug|Any CPU.Build.0 = Debug|Any CPU
		{1528A8BB-C92B-4DCD-8AAC-197FC355BBD2}.Release|Any CPU.ActiveCfg = Release|Any CPU
		{1528A8BB-C92B-4DCD-8AAC-197FC355BBD2}.Release|Any CPU.Build.0 = Release|Any CPU
		{0C85A644-D0A8-4936-A5A7-2110F37F0910}.Debug|Any CPU.ActiveCfg = Debug|Any CPU
		{0C85A644-D0A8-4936-A5A7-2110F37F0910}.Debug|Any CPU.Build.0 = Debug|Any CPU
		{0C85A644-D0A8-4936-A5A7-2110F37F0910}.Release|Any CPU.ActiveCfg = Release|Any CPU
		{0C85A644-D0A8-4936-A5A7-2110F37F0910}.Release|Any CPU.Build.0 = Release|Any CPU
	EndGlobalSection
	GlobalSection(SolutionProperties) = preSolution
		HideSolutionNode = FALSE
	EndGlobalSection
	GlobalSection(ExtensibilityGlobals) = postSolution
		SolutionGuid = {4CF99F6C-F592-451F-9322-849C41BE1D4F}
	EndGlobalSection
EndGlobal
